
Microsoft Visual Studio Solution File, Format Version 12.00
# Visual Studio Version 17
VisualStudioVersion = 17.5.002.0
MinimumVisualStudioVersion = 10.0.40219.1
Project("{2150E333-8FDC-42A3-9474-1A3956D46DE8}") = "les1", "les1", "{3408190D-7D68-4FF9-8833-BF5FE50CCBF5}"
EndProject
Project("{9A19103F-16F7-4668-BE54-9A1E7A4F7556}") = "task1", "les1\Task1\task1.csproj", "{7C7DD512-73B7-4198-85D8-E33B954DA181}"
EndProject
Project("{9A19103F-16F7-4668-BE54-9A1E7A4F7556}") = "task2", "les1\Task2\task2.csproj", "{0CB1EEDF-8A2B-4F3C-9299-A8A1AC4A6CD2}"
EndProject
Project("{9A19103F-16F7-4668-BE54-9A1E7A4F7556}") = "task3", "les1\Task3\task3.csproj", "{B98F421C-13AB-439E-BC60-2051C17ED560}"
EndProject
Project("{9A19103F-16F7-4668-BE54-9A1E7A4F7556}") = "Task4", "les1\Task4\Task4.csproj", "{141EA6FC-FE05-4F93-AF63-8F1CC811F909}"
EndProject
Project("{9A19103F-16F7-4668-BE54-9A1E7A4F7556}") = "task5", "les1\Task5\task5.csproj", "{B791C2E7-CF75-4354-92B7-094B5B28FB9B}"
EndProject
Project("{2150E333-8FDC-42A3-9474-1A3956D46DE8}") = "les2", "les2", "{C3E38036-73BD-4932-8F42-C5BD3D1C12F9}"
EndProject
Project("{9A19103F-16F7-4668-BE54-9A1E7A4F7556}") = "number1", "les2\number1\number1.csproj", "{82CB1D30-2D0B-4FE9-B6C9-487FBC072B2A}"
EndProject
Global
	GlobalSection(SolutionConfigurationPlatforms) = preSolution
		Debug|Any CPU = Debug|Any CPU
		Release|Any CPU = Release|Any CPU
	EndGlobalSection
	GlobalSection(ProjectConfigurationPlatforms) = postSolution
		{7C7DD512-73B7-4198-85D8-E33B954DA181}.Debug|Any CPU.ActiveCfg = Debug|Any CPU
		{7C7DD512-73B7-4198-85D8-E33B954DA181}.Debug|Any CPU.Build.0 = Debug|Any CPU
		{7C7DD512-73B7-4198-85D8-E33B954DA181}.Release|Any CPU.ActiveCfg = Release|Any CPU
		{7C7DD512-73B7-4198-85D8-E33B954DA181}.Release|Any CPU.Build.0 = Release|Any CPU
		{0CB1EEDF-8A2B-4F3C-9299-A8A1AC4A6CD2}.Debug|Any CPU.ActiveCfg = Debug|Any CPU
		{0CB1EEDF-8A2B-4F3C-9299-A8A1AC4A6CD2}.Debug|Any CPU.Build.0 = Debug|Any CPU
		{0CB1EEDF-8A2B-4F3C-9299-A8A1AC4A6CD2}.Release|Any CPU.ActiveCfg = Release|Any CPU
		{0CB1EEDF-8A2B-4F3C-9299-A8A1AC4A6CD2}.Release|Any CPU.Build.0 = Release|Any CPU
		{B98F421C-13AB-439E-BC60-2051C17ED560}.Debug|Any CPU.ActiveCfg = Debug|Any CPU
		{B98F421C-13AB-439E-BC60-2051C17ED560}.Debug|Any CPU.Build.0 = Debug|Any CPU
		{B98F421C-13AB-439E-BC60-2051C17ED560}.Release|Any CPU.ActiveCfg = Release|Any CPU
		{B98F421C-13AB-439E-BC60-2051C17ED560}.Release|Any CPU.Build.0 = Release|Any CPU
		{141EA6FC-FE05-4F93-AF63-8F1CC811F909}.Debug|Any CPU.ActiveCfg = Debug|Any CPU
		{141EA6FC-FE05-4F93-AF63-8F1CC811F909}.Debug|Any CPU.Build.0 = Debug|Any CPU
		{141EA6FC-FE05-4F93-AF63-8F1CC811F909}.Release|Any CPU.ActiveCfg = Release|Any CPU
		{141EA6FC-FE05-4F93-AF63-8F1CC811F909}.Release|Any CPU.Build.0 = Release|Any CPU
		{B791C2E7-CF75-4354-92B7-094B5B28FB9B}.Debug|Any CPU.ActiveCfg = Debug|Any CPU
		{B791C2E7-CF75-4354-92B7-094B5B28FB9B}.Debug|Any CPU.Build.0 = Debug|Any CPU
		{B791C2E7-CF75-4354-92B7-094B5B28FB9B}.Release|Any CPU.ActiveCfg = Release|Any CPU
		{B791C2E7-CF75-4354-92B7-094B5B28FB9B}.Release|Any CPU.Build.0 = Release|Any CPU
		{82CB1D30-2D0B-4FE9-B6C9-487FBC072B2A}.Debug|Any CPU.ActiveCfg = Debug|Any CPU
		{82CB1D30-2D0B-4FE9-B6C9-487FBC072B2A}.Debug|Any CPU.Build.0 = Debug|Any CPU
		{82CB1D30-2D0B-4FE9-B6C9-487FBC072B2A}.Release|Any CPU.ActiveCfg = Release|Any CPU
		{82CB1D30-2D0B-4FE9-B6C9-487FBC072B2A}.Release|Any CPU.Build.0 = Release|Any CPU
	EndGlobalSection
	GlobalSection(SolutionProperties) = preSolution
		HideSolutionNode = FALSE
	EndGlobalSection
	GlobalSection(NestedProjects) = preSolution
		{7C7DD512-73B7-4198-85D8-E33B954DA181} = {3408190D-7D68-4FF9-8833-BF5FE50CCBF5}
		{0CB1EEDF-8A2B-4F3C-9299-A8A1AC4A6CD2} = {3408190D-7D68-4FF9-8833-BF5FE50CCBF5}
		{B98F421C-13AB-439E-BC60-2051C17ED560} = {3408190D-7D68-4FF9-8833-BF5FE50CCBF5}
		{141EA6FC-FE05-4F93-AF63-8F1CC811F909} = {3408190D-7D68-4FF9-8833-BF5FE50CCBF5}
		{B791C2E7-CF75-4354-92B7-094B5B28FB9B} = {3408190D-7D68-4FF9-8833-BF5FE50CCBF5}
		{82CB1D30-2D0B-4FE9-B6C9-487FBC072B2A} = {C3E38036-73BD-4932-8F42-C5BD3D1C12F9}
	EndGlobalSection
	GlobalSection(ExtensibilityGlobals) = postSolution
		SolutionGuid = {479EFFE8-FBD9-440A-9AE3-10287F532B34}
	EndGlobalSection
EndGlobal
